
Microsoft Visual Studio Solution File, Format Version 12.00
# Visual Studio Version 17
VisualStudioVersion = 17.7.34024.191
MinimumVisualStudioVersion = 10.0.40219.1
Project("{9A19103F-16F7-4668-BE54-9A1E7A4F7556}") = "MindBoxTest", "MindBosTest\MindBoxTest.csproj", "{B673A8DB-4AC8-4049-8EFB-35DDD1033958}"
EndProject
Project("{9A19103F-16F7-4668-BE54-9A1E7A4F7556}") = "MindBoxTest.Tests", "MindBoxTest.Tests\MindBoxTest.Tests.csproj", "{2F2D1101-CEFD-4EC7-A1B8-29C94C5A4F00}"
EndProject
Global
	GlobalSection(SolutionConfigurationPlatforms) = preSolution
		Debug|Any CPU = Debug|Any CPU
		Release|Any CPU = Release|Any CPU
	EndGlobalSection
	GlobalSection(ProjectConfigurationPlatforms) = postSolution
		{B673A8DB-4AC8-4049-8EFB-35DDD1033958}.Debug|Any CPU.ActiveCfg = Debug|Any CPU
		{B673A8DB-4AC8-4049-8EFB-35DDD1033958}.Debug|Any CPU.Build.0 = Debug|Any CPU
		{B673A8DB-4AC8-4049-8EFB-35DDD1033958}.Release|Any CPU.ActiveCfg = Release|Any CPU
		{B673A8DB-4AC8-4049-8EFB-35DDD1033958}.Release|Any CPU.Build.0 = Release|Any CPU
		{2F2D1101-CEFD-4EC7-A1B8-29C94C5A4F00}.Debug|Any CPU.ActiveCfg = Debug|Any CPU
		{2F2D1101-CEFD-4EC7-A1B8-29C94C5A4F00}.Debug|Any CPU.Build.0 = Debug|Any CPU
		{2F2D1101-CEFD-4EC7-A1B8-29C94C5A4F00}.Release|Any CPU.ActiveCfg = Release|Any CPU
		{2F2D1101-CEFD-4EC7-A1B8-29C94C5A4F00}.Release|Any CPU.Build.0 = Release|Any CPU
	EndGlobalSection
	GlobalSection(SolutionProperties) = preSolution
		HideSolutionNode = FALSE
	EndGlobalSection
	GlobalSection(ExtensibilityGlobals) = postSolution
		SolutionGuid = {D20CF784-34DE-496C-B7E0-6A2B62138494}
	EndGlobalSection
EndGlobal
